
Microsoft Visual Studio Solution File, Format Version 12.00
# Visual Studio Version 17
VisualStudioVersion = 17.13.35931.197
MinimumVisualStudioVersion = 10.0.40219.1
Project("{FAE04EC0-301F-11D3-BF4B-00C04F79EFBC}") = "Provisio.Converters.ExceptionHandlingModule", "Provisio.Converters.ExceptionHandlingModule.csproj", "{7DC20B05-5E2F-4817-89A4-5DB0E4C84E04}"
EndProject
Project("{FAE04EC0-301F-11D3-BF4B-00C04F79EFBC}") = "SchematronValidation", "..\SchematronValidation\SchematronValidation.csproj", "{9C4291F7-F926-4604-90C6-273B14D4260E}"
EndProject
Global
	GlobalSection(SolutionConfigurationPlatforms) = preSolution
		Debug|Any CPU = Debug|Any CPU
		Release|Any CPU = Release|Any CPU
	EndGlobalSection
	GlobalSection(ProjectConfigurationPlatforms) = postSolution
		{7DC20B05-5E2F-4817-89A4-5DB0E4C84E04}.Debug|Any CPU.ActiveCfg = Debug|Any CPU
		{7DC20B05-5E2F-4817-89A4-5DB0E4C84E04}.Debug|Any CPU.Build.0 = Debug|Any CPU
		{7DC20B05-5E2F-4817-89A4-5DB0E4C84E04}.Release|Any CPU.ActiveCfg = Release|Any CPU
		{7DC20B05-5E2F-4817-89A4-5DB0E4C84E04}.Release|Any CPU.Build.0 = Release|Any CPU
		{9C4291F7-F926-4604-90C6-273B14D4260E}.Debug|Any CPU.ActiveCfg = Debug|Any CPU
		{9C4291F7-F926-4604-90C6-273B14D4260E}.Debug|Any CPU.Build.0 = Debug|Any CPU
		{9C4291F7-F926-4604-90C6-273B14D4260E}.Release|Any CPU.ActiveCfg = Release|Any CPU
		{9C4291F7-F926-4604-90C6-273B14D4260E}.Release|Any CPU.Build.0 = Release|Any CPU
	EndGlobalSection
	GlobalSection(SolutionProperties) = preSolution
		HideSolutionNode = FALSE
	EndGlobalSection
	GlobalSection(ExtensibilityGlobals) = postSolution
		SolutionGuid = {D3D906B3-2BC5-4C8F-B454-43F492E6C900}
	EndGlobalSection
EndGlobal
